
Microsoft Visual Studio Solution File, Format Version 12.00
# Visual Studio Version 16
VisualStudioVersion = 16.0.31410.357
MinimumVisualStudioVersion = 10.0.40219.1
Project("{9A19103F-16F7-4668-BE54-9A1E7A4F7556}") = "Flow.Launcher.Plugin.Whatsup", "Flow.Launcher.Plugin.Whatsup\Flow.Launcher.Plugin.Whatsup.csproj", "{850FB040-9462-41FF-B915-B27667BBB88D}"
EndProject
Project("{9A19103F-16F7-4668-BE54-9A1E7A4F7556}") = "Flow.Launcher.Plugin.Whatsup.Test", "Flow.Launcher.Plugin.Whatsup.Test\Flow.Launcher.Plugin.Whatsup.Test.csproj", "{A42A83C7-B57F-4C05-81CB-28009DA2916E}"
EndProject
Project("{2150E333-8FDC-42A3-9474-1A3956D46DE8}") = "Solution Items", "Solution Items", "{39DA50E6-1534-4E48-A890-F078981F4CF2}"
	ProjectSection(SolutionItems) = preProject
		deploy.cmd = deploy.cmd
	EndProjectSection
EndProject
Global
	GlobalSection(SolutionConfigurationPlatforms) = preSolution
		Debug|Any CPU = Debug|Any CPU
		Release|Any CPU = Release|Any CPU
	EndGlobalSection
	GlobalSection(ProjectConfigurationPlatforms) = postSolution
		{850FB040-9462-41FF-B915-B27667BBB88D}.Debug|Any CPU.ActiveCfg = Debug|Any CPU
		{850FB040-9462-41FF-B915-B27667BBB88D}.Debug|Any CPU.Build.0 = Debug|Any CPU
		{850FB040-9462-41FF-B915-B27667BBB88D}.Release|Any CPU.ActiveCfg = Release|Any CPU
		{850FB040-9462-41FF-B915-B27667BBB88D}.Release|Any CPU.Build.0 = Release|Any CPU
		{A42A83C7-B57F-4C05-81CB-28009DA2916E}.Debug|Any CPU.ActiveCfg = Debug|Any CPU
		{A42A83C7-B57F-4C05-81CB-28009DA2916E}.Debug|Any CPU.Build.0 = Debug|Any CPU
		{A42A83C7-B57F-4C05-81CB-28009DA2916E}.Release|Any CPU.ActiveCfg = Release|Any CPU
		{A42A83C7-B57F-4C05-81CB-28009DA2916E}.Release|Any CPU.Build.0 = Release|Any CPU
	EndGlobalSection
	GlobalSection(SolutionProperties) = preSolution
		HideSolutionNode = FALSE
	EndGlobalSection
	GlobalSection(ExtensibilityGlobals) = postSolution
		SolutionGuid = {8E925C5A-889E-4B9F-B574-21C3CC20B883}
	EndGlobalSection
EndGlobal
